
Microsoft Visual Studio Solution File, Format Version 12.00
# Visual Studio Version 16
VisualStudioVersion = 16.0.29728.190
MinimumVisualStudioVersion = 10.0.40219.1
Project("{FAE04EC0-301F-11D3-BF4B-00C04F79EFBC}") = "TopicosU2-Gabinete", "TopicosU2-Gabinete\TopicosU2-Gabinete.csproj", "{75A82DF4-87D6-4DE1-BC5E-4D4A10875FBC}"
EndProject
Global
	GlobalSection(SolutionConfigurationPlatforms) = preSolution
		Debug|Any CPU = Debug|Any CPU
		Release|Any CPU = Release|Any CPU
	EndGlobalSection
	GlobalSection(ProjectConfigurationPlatforms) = postSolution
		{75A82DF4-87D6-4DE1-BC5E-4D4A10875FBC}.Debug|Any CPU.ActiveCfg = Debug|Any CPU
		{75A82DF4-87D6-4DE1-BC5E-4D4A10875FBC}.Debug|Any CPU.Build.0 = Debug|Any CPU
		{75A82DF4-87D6-4DE1-BC5E-4D4A10875FBC}.Release|Any CPU.ActiveCfg = Release|Any CPU
		{75A82DF4-87D6-4DE1-BC5E-4D4A10875FBC}.Release|Any CPU.Build.0 = Release|Any CPU
	EndGlobalSection
	GlobalSection(SolutionProperties) = preSolution
		HideSolutionNode = FALSE
	EndGlobalSection
	GlobalSection(ExtensibilityGlobals) = postSolution
		SolutionGuid = {25342C70-4FCF-461C-81BE-D9D387D40DF1}
	EndGlobalSection
EndGlobal
